// !$*UTF8*$!
{
	archiveVersion = 1;
	classes = {
	};
	objectVersion = 50;
	objects = {

/* Begin PBXBuildFile section */
		3456137324C5977300365503 /* AppDelegate.swift in Sources */ = {isa = PBXBuildFile; fileRef = 3456137224C5977300365503 /* AppDelegate.swift */; };
		3456137524C5977300365503 /* SceneDelegate.swift in Sources */ = {isa = PBXBuildFile; fileRef = 3456137424C5977300365503 /* SceneDelegate.swift */; };
		3456137724C5977300365503 /* ContentView.swift in Sources */ = {isa = PBXBuildFile; fileRef = 3456137624C5977300365503 /* ContentView.swift */; };
		3456137924C5977600365503 /* Assets.xcassets in Resources */ = {isa = PBXBuildFile; fileRef = 3456137824C5977600365503 /* Assets.xcassets */; };
		3456137C24C5977600365503 /* Preview Assets.xcassets in Resources */ = {isa = PBXBuildFile; fileRef = 3456137B24C5977600365503 /* Preview Assets.xcassets */; };
		3456137F24C5977600365503 /* LaunchScreen.storyboard in Resources */ = {isa = PBXBuildFile; fileRef = 3456137D24C5977600365503 /* LaunchScreen.storyboard */; };
		3456138824C59C7F00365503 /* Pacifico-Regular.ttf in Resources */ = {isa = PBXBuildFile; fileRef = 3456138724C59C7F00365503 /* Pacifico-Regular.ttf */; };
		3456138A24C5BEC900365503 /* infoView.swift in Sources */ = {isa = PBXBuildFile; fileRef = 3456138924C5BEC900365503 /* infoView.swift */; };
/* End PBXBuildFile section */

/* Begin PBXFileReference section */
		3456136F24C5977300365503 /* VinealBusinessCard.app */ = {isa = PBXFileReference; explicitFileType = wrapper.application; includeInIndex = 0; path = VinealBusinessCard.app; sourceTree = BUILT_PRODUCTS_DIR; };
		3456137224C5977300365503 /* AppDelegate.swift */ = {isa = PBXFileReference; lastKnownFileType = sourcecode.swift; path = AppDelegate.swift; sourceTree = "<group>"; };
		3456137424C5977300365503 /* SceneDelegate.swift */ = {isa = PBXFileReference; lastKnownFileType = sourcecode.swift; path = SceneDelegate.swift; sourceTree = "<group>"; };
		3456137624C5977300365503 /* ContentView.swift */ = {isa = PBXFileReference; lastKnownFileType = sourcecode.swift; path = ContentView.swift; sourceTree = "<group>"; };
		3456137824C5977600365503 /* Assets.xcassets */ = {isa = PBXFileReference; lastKnownFileType = folder.assetcatalog; path = Assets.xcassets; sourceTree = "<group>"; };
		3456137B24C5977600365503 /* Preview Assets.xcassets */ = {isa = PBXFileReference; lastKnownFileType = folder.assetcatalog; path = "Preview Assets.xcassets"; sourceTree = "<group>"; };
		3456137E24C5977600365503 /* Base */ = {isa = PBXFileReference; lastKnownFileType = file.storyboard; name = Base; path = Base.lproj/LaunchScreen.storyboard; sourceTree = "<group>"; };
		3456138024C5977600365503 /* Info.plist */ = {isa = PBXFileReference; lastKnownFileType = text.plist.xml; path = Info.plist; sourceTree = "<group>"; };
		3456138724C59C7F00365503 /* Pacifico-Regular.ttf */ = {isa = PBXFileReference; lastKnownFileType = file; path = "Pacifico-Regular.ttf"; sourceTree = "<group>"; };
		3456138924C5BEC900365503 /* infoView.swift */ = {isa = PBXFileReference; lastKnownFileType = sourcecode.swift; path = infoView.swift; sourceTree = "<group>"; };
/* End PBXFileReference section */

/* Begin PBXFrameworksBuildPhase section */
		3456136C24C5977300365503 /* Frameworks */ = {
			isa = PBXFrameworksBuildPhase;
			buildActionMask = 2147483647;
			files = (
			);
			runOnlyForDeploymentPostprocessing = 0;
		};
/* End PBXFrameworksBuildPhase section */

/* Begin PBXGroup section */
		3456136624C5977300365503 = {
			isa = PBXGroup;
			children = (
				3456137124C5977300365503 /* VinealBusinessCard */,
				3456137024C5977300365503 /* Products */,
			);
			sourceTree = "<group>";
		};
		3456137024C5977300365503 /* Products */ = {
			isa = PBXGroup;
			children = (
				3456136F24C5977300365503 /* VinealBusinessCard.app */,
			);
			name = Products;
			sourceTree = "<group>";
		};
		3456137124C5977300365503 /* VinealBusinessCard */ = {
			isa = PBXGroup;
			children = (
				3456138624C59C5500365503 /* Fonts */,
				3456137224C5977300365503 /* AppDelegate.swift */,
				3456137424C5977300365503 /* SceneDelegate.swift */,
				3456137624C5977300365503 /* ContentView.swift */,
				3456137824C5977600365503 /* Assets.xcassets */,
				3456137D24C5977600365503 /* LaunchScreen.storyboard */,
				3456138024C5977600365503 /* Info.plist */,
				3456137A24C5977600365503 /* Preview Content */,
				3456138924C5BEC900365503 /* infoView.swift */,
			);
			path = VinealBusinessCard;
			sourceTree = "<group>";
		};
		3456137A24C5977600365503 /* Preview Content */ = {
			isa = PBXGroup;
			children = (
				3456137B24C5977600365503 /* Preview Assets.xcassets */,
			);
			path = "Preview Content";
			sourceTree = "<group>";
		};
		3456138624C59C5500365503 /* Fonts */ = {
			isa = PBXGroup;
			children = (
				3456138724C59C7F00365503 /* Pacifico-Regular.ttf */,
			);
			path = Fonts;
			sourceTree = "<group>";
		};
/* End PBXGroup section */

/* Begin PBXNativeTarget section */
		3456136E24C5977300365503 /* VinealBusinessCard */ = {
			isa = PBXNativeTarget;
			buildConfigurationList = 3456138324C5977600365503 /* Build configuration list for PBXNativeTarget "VinealBusinessCard" */;
			buildPhases = (
				3456136B24C5977300365503 /* Sources */,
				3456136C24C5977300365503 /* Frameworks */,
				3456136D24C5977300365503 /* Resources */,
			);
			buildRules = (
			);
			dependencies = (
			);
			name = VinealBusinessCard;
			productName = VinealBusinessCard;
			productReference = 3456136F24C5977300365503 /* VinealBusinessCard.app */;
			productType = "com.apple.product-type.application";
		};
/* End PBXNativeTarget section */

/* Begin PBXProject section */
		3456136724C5977300365503 /* Project object */ = {
			isa = PBXProject;
			attributes = {
				LastSwiftUpdateCheck = 1160;
				LastUpgradeCheck = 1160;
				ORGANIZATIONNAME = "Vineal Viji Varghese";
				TargetAttributes = {
					3456136E24C5977300365503 = {
						CreatedOnToolsVersion = 11.6;
					};
				};
			};
			buildConfigurationList = 3456136A24C5977300365503 /* Build configuration list for PBXProject "VinealBusinessCard" */;
			compatibilityVersion = "Xcode 9.3";
			developmentRegion = en;
			hasScannedForEncodings = 0;
			knownRegions = (
				en,
				Base,
			);
			mainGroup = 3456136624C5977300365503;
			productRefGroup = 3456137024C5977300365503 /* Products */;
			projectDirPath = "";
			projectRoot = "";
			targets = (
				3456136E24C5977300365503 /* VinealBusinessCard */,
			);
		};
/* End PBXProject section */

/* Begin PBXResourcesBuildPhase section */
		3456136D24C5977300365503 /* Resources */ = {
			isa = PBXResourcesBuildPhase;
			buildActionMask = 2147483647;
			files = (
				3456137F24C5977600365503 /* LaunchScreen.storyboard in Resources */,
				3456138824C59C7F00365503 /* Pacifico-Regular.ttf in Resources */,
				3456137C24C5977600365503 /* Preview Assets.xcassets in Resources */,
				3456137924C5977600365503 /* Assets.xcassets in Resources */,
			);
			runOnlyForDeploymentPostprocessing = 0;
		};
/* End PBXResourcesBuildPhase section */

/* Begin PBXSourcesBuildPhase section */
		3456136B24C5977300365503 /* Sources */ = {
			isa = PBXSourcesBuildPhase;
			buildActionMask = 2147483647;
			files = (
				3456138A24C5BEC900365503 /* infoView.swift in Sources */,
				3456137324C5977300365503 /* AppDelegate.swift in Sources */,
				3456137524C5977300365503 /* SceneDelegate.swift in Sources */,
				3456137724C5977300365503 /* ContentView.swift in Sources */,
			);
			runOnlyForDeploymentPostprocessing = 0;
		};
/* End PBXSourcesBuildPhase section */

/* Begin PBXVariantGroup section */
		3456137D24C5977600365503 /* LaunchScreen.storyboard */ = {
			isa = PBXVariantGroup;
			children = (
				3456137E24C5977600365503 /* Base */,
			);
			name = LaunchScreen.storyboard;
			sourceTree = "<group>";
		};
/* End PBXVariantGroup section */

/* Begin XCBuildConfiguration section */
		3456138124C5977600365503 /* Debug */ = {
			isa = XCBuildConfiguration;
			buildSettings = {
				ALWAYS_SEARCH_USER_PATHS = NO;
				CLANG_ANALYZER_NONNULL = YES;
				CLANG_ANALYZER_NUMBER_OBJECT_CONVERSION = YES_AGGRESSIVE;
				CLANG_CXX_LANGUAGE_STANDARD = "gnu++14";
				CLANG_CXX_LIBRARY = "libc++";
				CLANG_ENABLE_MODULES = YES;
				CLANG_ENABLE_OBJC_ARC = YES;
				CLANG_ENABLE_OBJC_WEAK = YES;
				CLANG_WARN_BLOCK_CAPTURE_AUTORELEASING = YES;
				CLANG_WARN_BOOL_CONVERSION = YES;
				CLANG_WARN_COMMA = YES;
				CLANG_WARN_CONSTANT_CONVERSION = YES;
				CLANG_WARN_DEPRECATED_OBJC_IMPLEMENTATIONS = YES;
				CLANG_WARN_DIRECT_OBJC_ISA_USAGE = YES_ERROR;
				CLANG_WARN_DOCUMENTATION_COMMENTS = YES;
				CLANG_WARN_EMPTY_BODY = YES;
				CLANG_WARN_ENUM_CONVERSION = YES;
				CLANG_WARN_INFINITE_RECURSION = YES;
				CLANG_WARN_INT_CONVERSION = YES;
				CLANG_WARN_NON_LITERAL_NULL_CONVERSION = YES;
				CLANG_WARN_OBJC_IMPLICIT_RETAIN_SELF = YES;
				CLANG_WARN_OBJC_LITERAL_CONVERSION = YES;
				CLANG_WARN_OBJC_ROOT_CLASS = YES_ERROR;
				CLANG_WARN_RANGE_LOOP_ANALYSIS = YES;
				CLANG_WARN_STRICT_PROTOTYPES = YES;
				CLANG_WARN_SUSPICIOUS_MOVE = YES;
				CLANG_WARN_UNGUARDED_AVAILABILITY = YES_AGGRESSIVE;
				CLANG_WARN_UNREACHABLE_CODE = YES;
				CLANG_WARN__DUPLICATE_METHOD_MATCH = YES;
				COPY_PHASE_STRIP = NO;
				DEBUG_INFORMATION_FORMAT = dwarf;
				ENABLE_STRICT_OBJC_MSGSEND = YES;
				ENABLE_TESTABILITY = YES;
				GCC_C_LANGUAGE_STANDARD = gnu11;
				GCC_DYNAMIC_NO_PIC = NO;
				GCC_NO_COMMON_BLOCKS = YES;
				GCC_OPTIMIZATION_LEVEL = 0;
				GCC_PREPROCESSOR_DEFINITIONS = (
					"DEBUG=1",
					"$(inherited)",
				);
				GCC_WARN_64_TO_32_BIT_CONVERSION = YES;
				GCC_WARN_ABOUT_RETURN_TYPE = YES_ERROR;
				GCC_WARN_UNDECLARED_SELECTOR = YES;
				GCC_WARN_UNINITIALIZED_AUTOS = YES_AGGRESSIVE;
				GCC_WARN_UNUSED_FUNCTION = YES;
				GCC_WARN_UNUSED_VARIABLE = YES;
				IPHONEOS_DEPLOYMENT_TARGET = 13.6;
				MTL_ENABLE_DEBUG_INFO = INCLUDE_SOURCE;
				MTL_FAST_MATH = YES;
				ONLY_ACTIVE_ARCH = YES;
				SDKROOT = iphoneos;
				SWIFT_ACTIVE_COMPILATION_CONDITIONS = DEBUG;
				SWIFT_OPTIMIZATION_LEVEL = "-Onone";
			};
			name = Debug;
		};
		3456138224C5977600365503 /* Release */ = {
			isa = XCBuildConfiguration;
			buildSettings = {
				ALWAYS_SEARCH_USER_PATHS = NO;
				CLANG_ANALYZER_NONNULL = YES;
				CLANG_ANALYZER_NUMBER_OBJECT_CONVERSION = YES_AGGRESSIVE;
				CLANG_CXX_LANGUAGE_STANDARD = "gnu++14";
				CLANG_CXX_LIBRARY = "libc++";
				CLANG_ENABLE_MODULES = YES;
				CLANG_ENABLE_OBJC_ARC = YES;
				CLANG_ENABLE_OBJC_WEAK = YES;
				CLANG_WARN_BLOCK_CAPTURE_AUTORELEASING = YES;
				CLANG_WARN_BOOL_CONVERSION = YES;
				CLANG_WARN_COMMA = YES;
				CLANG_WARN_CONSTANT_CONVERSION = YES;
				CLANG_WARN_DEPRECATED_OBJC_IMPLEMENTATIONS = YES;
				CLANG_WARN_DIRECT_OBJC_ISA_USAGE = YES_ERROR;
				CLANG_WARN_DOCUMENTATION_COMMENTS = YES;
				CLANG_WARN_EMPTY_BODY = YES;
				CLANG_WARN_ENUM_CONVERSION = YES;
				CLANG_WARN_INFINITE_RECURSION = YES;
				CLANG_WARN_INT_CONVERSION = YES;
				CLANG_WARN_NON_LITERAL_NULL_CONVERSION = YES;
				CLANG_WARN_OBJC_IMPLICIT_RETAIN_SELF = YES;
				CLANG_WARN_OBJC_LITERAL_CONVERSION = YES;
				CLANG_WARN_OBJC_ROOT_CLASS = YES_ERROR;
				CLANG_WARN_RANGE_LOOP_ANALYSIS = YES;
				CLANG_WARN_STRICT_PROTOTYPES = YES;
				CLANG_WARN_SUSPICIOUS_MOVE = YES;
				CLANG_WARN_UNGUARDED_AVAILABILITY = YES_AGGRESSIVE;
				CLANG_WARN_UNREACHABLE_CODE = YES;
				CLANG_WARN__DUPLICATE_METHOD_MATCH = YES;
				COPY_PHASE_STRIP = NO;
				DEBUG_INFORMATION_FORMAT = "dwarf-with-dsym";
				ENABLE_NS_ASSERTIONS = NO;
				ENABLE_STRICT_OBJC_MSGSEND = YES;
				GCC_C_LANGUAGE_STANDARD = gnu11;
				GCC_NO_COMMON_BLOCKS = YES;
				GCC_WARN_64_TO_32_BIT_CONVERSION = YES;
				GCC_WARN_ABOUT_RETURN_TYPE = YES_ERROR;
				GCC_WARN_UNDECLARED_SELECTOR = YES;
				GCC_WARN_UNINITIALIZED_AUTOS = YES_AGGRESSIVE;
				GCC_WARN_UNUSED_FUNCTION = YES;
				GCC_WARN_UNUSED_VARIABLE = YES;
				IPHONEOS_DEPLOYMENT_TARGET = 13.6;
				MTL_ENABLE_DEBUG_INFO = NO;
				MTL_FAST_MATH = YES;
				SDKROOT = iphoneos;
				SWIFT_COMPILATION_MODE = wholemodule;
				SWIFT_OPTIMIZATION_LEVEL = "-O";
				VALIDATE_PRODUCT = YES;
			};
			name = Release;
		};
		3456138424C5977600365503 /* Debug */ = {
			isa = XCBuildConfiguration;
			buildSettings = {
				ASSETCATALOG_COMPILER_APPICON_NAME = AppIcon;
				CODE_SIGN_STYLE = Automatic;
				DEVELOPMENT_ASSET_PATHS = "\"VinealBusinessCard/Preview Content\"";
				DEVELOPMENT_TEAM = 27B522QTZ5;
				ENABLE_PREVIEWS = YES;
				INFOPLIST_FILE = VinealBusinessCard/Info.plist;
				LD_RUNPATH_SEARCH_PATHS = (
					"$(inherited)",
					"@executable_path/Frameworks",
				);
				PRODUCT_BUNDLE_IDENTIFIER = com.vineal.VinealBusinessCard;
				PRODUCT_NAME = "$(TARGET_NAME)";
				SWIFT_VERSION = 5.0;
				TARGETED_DEVICE_FAMILY = "1,2";
			};
			name = Debug;
		};
		3456138524C5977600365503 /* Release */ = {
			isa = XCBuildConfiguration;
			buildSettings = {
				ASSETCATALOG_COMPILER_APPICON_NAME = AppIcon;
				CODE_SIGN_STYLE = Automatic;
				DEVELOPMENT_ASSET_PATHS = "\"VinealBusinessCard/Preview Content\"";
				DEVELOPMENT_TEAM = 27B522QTZ5;
				ENABLE_PREVIEWS = YES;
				INFOPLIST_FILE = VinealBusinessCard/Info.plist;
				LD_RUNPATH_SEARCH_PATHS = (
					"$(inherited)",
					"@executable_path/Frameworks",
				);
				PRODUCT_BUNDLE_IDENTIFIER = com.vineal.VinealBusinessCard;
				PRODUCT_NAME = "$(TARGET_NAME)";
				SWIFT_VERSION = 5.0;
				TARGETED_DEVICE_FAMILY = "1,2";
			};
			name = Release;
		};
/* End XCBuildConfiguration section */

/* Begin XCConfigurationList section */
		3456136A24C5977300365503 /* Build configuration list for PBXProject "VinealBusinessCard" */ = {
			isa = XCConfigurationList;
			buildConfigurations = (
				3456138124C5977600365503 /* Debug */,
				3456138224C5977600365503 /* Release */,
			);
			defaultConfigurationIsVisible = 0;
			defaultConfigurationName = Release;
		};
		3456138324C5977600365503 /* Build configuration list for PBXNativeTarget "VinealBusinessCard" */ = {
			isa = XCConfigurationList;
			buildConfigurations = (
				3456138424C5977600365503 /* Debug */,
				3456138524C5977600365503 /* Release */,
			);
			defaultConfigurationIsVisible = 0;
			defaultConfigurationName = Release;
		};
/* End XCConfigurationList section */
	};
	rootObject = 3456136724C5977300365503 /* Project object */;
}
